
Microsoft Visual Studio Solution File, Format Version 12.00
# Visual Studio Version 16
VisualStudioVersion = 16.0.30907.101
MinimumVisualStudioVersion = 10.0.40219.1
Project("{888888A0-9F3D-457C-B088-3A5042F75D52}") = "MilkyMilkVendor", "MilkyMilkVendor.pyproj", "{446FB1B5-A9B4-4527-8577-5E48D317508E}"
EndProject
Global
	GlobalSection(SolutionConfigurationPlatforms) = preSolution
		Debug|Any CPU = Debug|Any CPU
		Release|Any CPU = Release|Any CPU
	EndGlobalSection
	GlobalSection(ProjectConfigurationPlatforms) = postSolution
		{446FB1B5-A9B4-4527-8577-5E48D317508E}.Debug|Any CPU.ActiveCfg = Debug|Any CPU
		{446FB1B5-A9B4-4527-8577-5E48D317508E}.Release|Any CPU.ActiveCfg = Release|Any CPU
	EndGlobalSection
	GlobalSection(SolutionProperties) = preSolution
		HideSolutionNode = FALSE
	EndGlobalSection
	GlobalSection(ExtensibilityGlobals) = postSolution
		SolutionGuid = {518E64B8-325A-4752-8A38-25267FB6DEDE}
	EndGlobalSection
EndGlobal
